
Microsoft Visual Studio Solution File, Format Version 12.00
# Visual Studio 15
VisualStudioVersion = 15.0.28307.168
MinimumVisualStudioVersion = 10.0.40219.1
Project("{FAE04EC0-301F-11D3-BF4B-00C04F79EFBC}") = "EasyRegex", "EasyRegex\EasyRegex.csproj", "{58505B05-9EB8-4A0F-9AF4-D57477388186}"
EndProject
Project("{FAE04EC0-301F-11D3-BF4B-00C04F79EFBC}") = "EasyRegexTester", "EasyRegexTester\EasyRegexTester.csproj", "{867DA1AA-D882-46B5-A2CB-922D07DDC271}"
EndProject
Global
	GlobalSection(SolutionConfigurationPlatforms) = preSolution
		Debug|Any CPU = Debug|Any CPU
		Release|Any CPU = Release|Any CPU
	EndGlobalSection
	GlobalSection(ProjectConfigurationPlatforms) = postSolution
		{58505B05-9EB8-4A0F-9AF4-D57477388186}.Debug|Any CPU.ActiveCfg = Debug|Any CPU
		{58505B05-9EB8-4A0F-9AF4-D57477388186}.Debug|Any CPU.Build.0 = Debug|Any CPU
		{58505B05-9EB8-4A0F-9AF4-D57477388186}.Release|Any CPU.ActiveCfg = Release|Any CPU
		{58505B05-9EB8-4A0F-9AF4-D57477388186}.Release|Any CPU.Build.0 = Release|Any CPU
		{867DA1AA-D882-46B5-A2CB-922D07DDC271}.Debug|Any CPU.ActiveCfg = Debug|Any CPU
		{867DA1AA-D882-46B5-A2CB-922D07DDC271}.Debug|Any CPU.Build.0 = Debug|Any CPU
		{867DA1AA-D882-46B5-A2CB-922D07DDC271}.Release|Any CPU.ActiveCfg = Release|Any CPU
		{867DA1AA-D882-46B5-A2CB-922D07DDC271}.Release|Any CPU.Build.0 = Release|Any CPU
	EndGlobalSection
	GlobalSection(SolutionProperties) = preSolution
		HideSolutionNode = FALSE
	EndGlobalSection
	GlobalSection(ExtensibilityGlobals) = postSolution
		SolutionGuid = {51445FB3-86AB-4545-97D8-6869F293F9DD}
	EndGlobalSection
	GlobalSection(SourceCodeControl) = preSolution
		SccNumberOfProjects = 3
		SccLocalPath0 = .
		SccProjectUniqueName1 = EasyRegex\\EasyRegex.csproj
		SccLocalPath1 = .
		SccProjectFilePathRelativizedFromConnection1 = EasyRegex\\
		SccProjectUniqueName2 = EasyRegexTester\\EasyRegexTester.csproj
		SccLocalPath2 = .
		SccProjectFilePathRelativizedFromConnection2 = EasyRegexTester\\
	EndGlobalSection
EndGlobal
